
Microsoft Visual Studio Solution File, Format Version 12.00
# Visual Studio Version 17
VisualStudioVersion = 17.8.34408.163
MinimumVisualStudioVersion = 10.0.40219.1
Project("{FAE04EC0-301F-11D3-BF4B-00C04F79EFBC}") = "eBrandSaleServer.Domain", "eBrandSaleServer.Domain\eBrandSaleServer.Domain.csproj", "{CABFA743-D3F8-454C-AB4D-A1C31A7C90E0}"
EndProject
Project("{FAE04EC0-301F-11D3-BF4B-00C04F79EFBC}") = "eBrandSaleServer.Infrastracture", "eBrandSaleServer.Infrastracture\eBrandSaleServer.Infrastracture.csproj", "{7E035D7D-3876-45BA-8B5E-7DEB1FC50C6F}"
EndProject
Global
	GlobalSection(SolutionConfigurationPlatforms) = preSolution
		Debug|Any CPU = Debug|Any CPU
		Release|Any CPU = Release|Any CPU
	EndGlobalSection
	GlobalSection(ProjectConfigurationPlatforms) = postSolution
		{CABFA743-D3F8-454C-AB4D-A1C31A7C90E0}.Debug|Any CPU.ActiveCfg = Debug|Any CPU
		{CABFA743-D3F8-454C-AB4D-A1C31A7C90E0}.Debug|Any CPU.Build.0 = Debug|Any CPU
		{CABFA743-D3F8-454C-AB4D-A1C31A7C90E0}.Release|Any CPU.ActiveCfg = Release|Any CPU
		{CABFA743-D3F8-454C-AB4D-A1C31A7C90E0}.Release|Any CPU.Build.0 = Release|Any CPU
		{7E035D7D-3876-45BA-8B5E-7DEB1FC50C6F}.Debug|Any CPU.ActiveCfg = Debug|Any CPU
		{7E035D7D-3876-45BA-8B5E-7DEB1FC50C6F}.Debug|Any CPU.Build.0 = Debug|Any CPU
		{7E035D7D-3876-45BA-8B5E-7DEB1FC50C6F}.Release|Any CPU.ActiveCfg = Release|Any CPU
		{7E035D7D-3876-45BA-8B5E-7DEB1FC50C6F}.Release|Any CPU.Build.0 = Release|Any CPU
	EndGlobalSection
	GlobalSection(SolutionProperties) = preSolution
		HideSolutionNode = FALSE
	EndGlobalSection
	GlobalSection(ExtensibilityGlobals) = postSolution
		SolutionGuid = {4B37A5E1-223D-4CB5-9199-51F814A898E4}
	EndGlobalSection
EndGlobal
